// !$*UTF8*$!
{
	archiveVersion = 1;
	classes = {
	};
	objectVersion = 51;
	objects = {

/* Begin PBXBuildFile section */
		180563F926774A0D001F86B6 /* AppDelegate.swift in Sources */ = {isa = PBXBuildFile; fileRef = 180563F826774A0D001F86B6 /* AppDelegate.swift */; };
		180563FB26774A0D001F86B6 /* SceneDelegate.swift in Sources */ = {isa = PBXBuildFile; fileRef = 180563FA26774A0D001F86B6 /* SceneDelegate.swift */; };
		180563FD26774A0D001F86B6 /* HomeViewController.swift in Sources */ = {isa = PBXBuildFile; fileRef = 180563FC26774A0D001F86B6 /* HomeViewController.swift */; };
		1805640026774A0D001F86B6 /* Main.storyboard in Resources */ = {isa = PBXBuildFile; fileRef = 180563FE26774A0D001F86B6 /* Main.storyboard */; };
		1805640226774A12001F86B6 /* Assets.xcassets in Resources */ = {isa = PBXBuildFile; fileRef = 1805640126774A12001F86B6 /* Assets.xcassets */; };
		1805640526774A12001F86B6 /* LaunchScreen.storyboard in Resources */ = {isa = PBXBuildFile; fileRef = 1805640326774A12001F86B6 /* LaunchScreen.storyboard */; };
		1805641226774A6F001F86B6 /* LoginViewController.swift in Sources */ = {isa = PBXBuildFile; fileRef = 1805641126774A6F001F86B6 /* LoginViewController.swift */; };
		1805641426774A7A001F86B6 /* RegisterViewController.swift in Sources */ = {isa = PBXBuildFile; fileRef = 1805641326774A7A001F86B6 /* RegisterViewController.swift */; };
		1805641626774AA7001F86B6 /* SearchViewController.swift in Sources */ = {isa = PBXBuildFile; fileRef = 1805641526774AA7001F86B6 /* SearchViewController.swift */; };
		1805641926774AEA001F86B6 /* ProfileViewController.swift in Sources */ = {isa = PBXBuildFile; fileRef = 1805641826774AEA001F86B6 /* ProfileViewController.swift */; };
		1805641C26774B34001F86B6 /* DealsOffersViewController.swift in Sources */ = {isa = PBXBuildFile; fileRef = 1805641B26774B34001F86B6 /* DealsOffersViewController.swift */; };
		1805641E26774B4C001F86B6 /* OrderHistoryViewController.swift in Sources */ = {isa = PBXBuildFile; fileRef = 1805641D26774B4C001F86B6 /* OrderHistoryViewController.swift */; };
		1805642026774B81001F86B6 /* HungerGamesWalletViewController.swift in Sources */ = {isa = PBXBuildFile; fileRef = 1805641F26774B81001F86B6 /* HungerGamesWalletViewController.swift */; };
		1805642226774BBF001F86B6 /* CartViewController.swift in Sources */ = {isa = PBXBuildFile; fileRef = 1805642126774BBF001F86B6 /* CartViewController.swift */; };
		1805642426774BDB001F86B6 /* MenuViewController.swift in Sources */ = {isa = PBXBuildFile; fileRef = 1805642326774BDB001F86B6 /* MenuViewController.swift */; };
		18056426267756FE001F86B6 /* NotificationCenterViewController.swift in Sources */ = {isa = PBXBuildFile; fileRef = 18056425267756FE001F86B6 /* NotificationCenterViewController.swift */; };
		182F79492677921700B606B9 /* foodmain.json in Resources */ = {isa = PBXBuildFile; fileRef = 182F79482677921700B606B9 /* foodmain.json */; };
		182F794B2677936800B606B9 /* WelcomeViewController.swift in Sources */ = {isa = PBXBuildFile; fileRef = 182F794A2677936800B606B9 /* WelcomeViewController.swift */; };
		183C6BDC267F5A3800D2442A /* FoodDetailsViewController.swift in Sources */ = {isa = PBXBuildFile; fileRef = 183C6BDB267F5A3800D2442A /* FoodDetailsViewController.swift */; };
		1846A783267E029D0000DA9C /* FoodCategoriesCollectionViewCell.swift in Sources */ = {isa = PBXBuildFile; fileRef = 1846A782267E029D0000DA9C /* FoodCategoriesCollectionViewCell.swift */; };
		1846A786267E05210000DA9C /* TopFoodCollectionViewCell.swift in Sources */ = {isa = PBXBuildFile; fileRef = 1846A785267E05210000DA9C /* TopFoodCollectionViewCell.swift */; };
		1846A788267E05330000DA9C /* RecommendedCollectionViewCell.swift in Sources */ = {isa = PBXBuildFile; fileRef = 1846A787267E05330000DA9C /* RecommendedCollectionViewCell.swift */; };
		1864A54E26807F37005A67D5 /* CategoriesDetailsViewController.swift in Sources */ = {isa = PBXBuildFile; fileRef = 1864A54D26807F37005A67D5 /* CategoriesDetailsViewController.swift */; };
		1864A55026807F59005A67D5 /* RecommendedDetailsViewController.swift in Sources */ = {isa = PBXBuildFile; fileRef = 1864A54F26807F59005A67D5 /* RecommendedDetailsViewController.swift */; };
		1864A55226808378005A67D5 /* CategoriesDetailsTableViewCell.swift in Sources */ = {isa = PBXBuildFile; fileRef = 1864A55126808378005A67D5 /* CategoriesDetailsTableViewCell.swift */; };
		1865B9C12677AF1800D3D9B4 /* RecoverPasswordViewController.swift in Sources */ = {isa = PBXBuildFile; fileRef = 1865B9C02677AF1800D3D9B4 /* RecoverPasswordViewController.swift */; };
		1865E9E7267A454300171E33 /* emptycart.json in Resources */ = {isa = PBXBuildFile; fileRef = 1865E9E6267A454300171E33 /* emptycart.json */; };
		1865E9E9267A47BB00171E33 /* forgotpassword.json in Resources */ = {isa = PBXBuildFile; fileRef = 1865E9E8267A47BB00171E33 /* forgotpassword.json */; };
		186FF08E267907E200DF43FD /* mywallet.json in Resources */ = {isa = PBXBuildFile; fileRef = 186FF08D267907E200DF43FD /* mywallet.json */; };
		18753C892679F4D0009C1FB8 /* AddAddressViewController.swift in Sources */ = {isa = PBXBuildFile; fileRef = 18753C882679F4D0009C1FB8 /* AddAddressViewController.swift */; };
		18753C8C2679FA5D009C1FB8 /* MyAddressesTableViewCell.swift in Sources */ = {isa = PBXBuildFile; fileRef = 18753C8B2679FA5D009C1FB8 /* MyAddressesTableViewCell.swift */; };
		188E802F267B391B0076BE13 /* EverydayOfferCollectionViewCell.swift in Sources */ = {isa = PBXBuildFile; fileRef = 188E802E267B391B0076BE13 /* EverydayOfferCollectionViewCell.swift */; };
		188E8031267B392C0076BE13 /* PaymentOfferCollectionViewCell.swift in Sources */ = {isa = PBXBuildFile; fileRef = 188E8030267B392C0076BE13 /* PaymentOfferCollectionViewCell.swift */; };
		18C9E23F2678CB30009437DD /* MyAddressesViewController.swift in Sources */ = {isa = PBXBuildFile; fileRef = 18C9E23E2678CB30009437DD /* MyAddressesViewController.swift */; };
		18C9E2412678CB6E009437DD /* MyFavouritesViewController.swift in Sources */ = {isa = PBXBuildFile; fileRef = 18C9E2402678CB6E009437DD /* MyFavouritesViewController.swift */; };
		18C9E2432678CBA7009437DD /* ChangePasswordViewController.swift in Sources */ = {isa = PBXBuildFile; fileRef = 18C9E2422678CBA7009437DD /* ChangePasswordViewController.swift */; };
		18C9E2452678CC79009437DD /* NeedHelpViewController.swift in Sources */ = {isa = PBXBuildFile; fileRef = 18C9E2442678CC79009437DD /* NeedHelpViewController.swift */; };
		18C9E2472678CC88009437DD /* TermsOfServicesViewController.swift in Sources */ = {isa = PBXBuildFile; fileRef = 18C9E2462678CC88009437DD /* TermsOfServicesViewController.swift */; };
		18C9E2492678CC97009437DD /* PrivacyPolicyViewController.swift in Sources */ = {isa = PBXBuildFile; fileRef = 18C9E2482678CC97009437DD /* PrivacyPolicyViewController.swift */; };
		18E5DA0D2683150C007F1982 /* ordernow.json in Resources */ = {isa = PBXBuildFile; fileRef = 18E5DA0C2683150C007F1982 /* ordernow.json */; };
		18E5DA0F2683213C007F1982 /* NeedHelpTableViewCell.swift in Sources */ = {isa = PBXBuildFile; fileRef = 18E5DA0E2683213C007F1982 /* NeedHelpTableViewCell.swift */; };
		18E5DA1126832661007F1982 /* NeedHelpModel.swift in Sources */ = {isa = PBXBuildFile; fileRef = 18E5DA1026832661007F1982 /* NeedHelpModel.swift */; };
		B8219DFD9A05F2AF0EEC4E97 /* Pods_HungerGames.framework in Frameworks */ = {isa = PBXBuildFile; fileRef = AF5168EBEC110F9871F3C314 /* Pods_HungerGames.framework */; };
/* End PBXBuildFile section */

/* Begin PBXFileReference section */
		180563F526774A0D001F86B6 /* HungerGames.app */ = {isa = PBXFileReference; explicitFileType = wrapper.application; includeInIndex = 0; path = HungerGames.app; sourceTree = BUILT_PRODUCTS_DIR; };
		180563F826774A0D001F86B6 /* AppDelegate.swift */ = {isa = PBXFileReference; lastKnownFileType = sourcecode.swift; path = AppDelegate.swift; sourceTree = "<group>"; };
		180563FA26774A0D001F86B6 /* SceneDelegate.swift */ = {isa = PBXFileReference; lastKnownFileType = sourcecode.swift; path = SceneDelegate.swift; sourceTree = "<group>"; };
		180563FC26774A0D001F86B6 /* HomeViewController.swift */ = {isa = PBXFileReference; lastKnownFileType = sourcecode.swift; path = HomeViewController.swift; sourceTree = "<group>"; };
		180563FF26774A0D001F86B6 /* Base */ = {isa = PBXFileReference; lastKnownFileType = file.storyboard; name = Base; path = Base.lproj/Main.storyboard; sourceTree = "<group>"; };
		1805640126774A12001F86B6 /* Assets.xcassets */ = {isa = PBXFileReference; lastKnownFileType = folder.assetcatalog; path = Assets.xcassets; sourceTree = "<group>"; };
		1805640426774A12001F86B6 /* Base */ = {isa = PBXFileReference; lastKnownFileType = file.storyboard; name = Base; path = Base.lproj/LaunchScreen.storyboard; sourceTree = "<group>"; };
		1805640626774A12001F86B6 /* Info.plist */ = {isa = PBXFileReference; lastKnownFileType = text.plist.xml; path = Info.plist; sourceTree = "<group>"; };
		1805641126774A6F001F86B6 /* LoginViewController.swift */ = {isa = PBXFileReference; lastKnownFileType = sourcecode.swift; path = LoginViewController.swift; sourceTree = "<group>"; };
		1805641326774A7A001F86B6 /* RegisterViewController.swift */ = {isa = PBXFileReference; lastKnownFileType = sourcecode.swift; path = RegisterViewController.swift; sourceTree = "<group>"; };
		1805641526774AA7001F86B6 /* SearchViewController.swift */ = {isa = PBXFileReference; lastKnownFileType = sourcecode.swift; path = SearchViewController.swift; sourceTree = "<group>"; };
		1805641826774AEA001F86B6 /* ProfileViewController.swift */ = {isa = PBXFileReference; lastKnownFileType = sourcecode.swift; path = ProfileViewController.swift; sourceTree = "<group>"; };
		1805641B26774B34001F86B6 /* DealsOffersViewController.swift */ = {isa = PBXFileReference; lastKnownFileType = sourcecode.swift; path = DealsOffersViewController.swift; sourceTree = "<group>"; };
		1805641D26774B4C001F86B6 /* OrderHistoryViewController.swift */ = {isa = PBXFileReference; lastKnownFileType = sourcecode.swift; path = OrderHistoryViewController.swift; sourceTree = "<group>"; };
		1805641F26774B81001F86B6 /* HungerGamesWalletViewController.swift */ = {isa = PBXFileReference; lastKnownFileType = sourcecode.swift; path = HungerGamesWalletViewController.swift; sourceTree = "<group>"; };
		1805642126774BBF001F86B6 /* CartViewController.swift */ = {isa = PBXFileReference; lastKnownFileType = sourcecode.swift; path = CartViewController.swift; sourceTree = "<group>"; };
		1805642326774BDB001F86B6 /* MenuViewController.swift */ = {isa = PBXFileReference; lastKnownFileType = sourcecode.swift; path = MenuViewController.swift; sourceTree = "<group>"; };
		18056425267756FE001F86B6 /* NotificationCenterViewController.swift */ = {isa = PBXFileReference; lastKnownFileType = sourcecode.swift; path = NotificationCenterViewController.swift; sourceTree = "<group>"; };
		182F79482677921700B606B9 /* foodmain.json */ = {isa = PBXFileReference; fileEncoding = 4; lastKnownFileType = text.json; path = foodmain.json; sourceTree = "<group>"; };
		182F794A2677936800B606B9 /* WelcomeViewController.swift */ = {isa = PBXFileReference; lastKnownFileType = sourcecode.swift; path = WelcomeViewController.swift; sourceTree = "<group>"; };
		183C6BDB267F5A3800D2442A /* FoodDetailsViewController.swift */ = {isa = PBXFileReference; lastKnownFileType = sourcecode.swift; path = FoodDetailsViewController.swift; sourceTree = "<group>"; };
		1846A782267E029D0000DA9C /* FoodCategoriesCollectionViewCell.swift */ = {isa = PBXFileReference; lastKnownFileType = sourcecode.swift; path = FoodCategoriesCollectionViewCell.swift; sourceTree = "<group>"; };
		1846A785267E05210000DA9C /* TopFoodCollectionViewCell.swift */ = {isa = PBXFileReference; lastKnownFileType = sourcecode.swift; path = TopFoodCollectionViewCell.swift; sourceTree = "<group>"; };
		1846A787267E05330000DA9C /* RecommendedCollectionViewCell.swift */ = {isa = PBXFileReference; lastKnownFileType = sourcecode.swift; path = RecommendedCollectionViewCell.swift; sourceTree = "<group>"; };
		1864A54D26807F37005A67D5 /* CategoriesDetailsViewController.swift */ = {isa = PBXFileReference; lastKnownFileType = sourcecode.swift; path = CategoriesDetailsViewController.swift; sourceTree = "<group>"; };
		1864A54F26807F59005A67D5 /* RecommendedDetailsViewController.swift */ = {isa = PBXFileReference; lastKnownFileType = sourcecode.swift; path = RecommendedDetailsViewController.swift; sourceTree = "<group>"; };
		1864A55126808378005A67D5 /* CategoriesDetailsTableViewCell.swift */ = {isa = PBXFileReference; lastKnownFileType = sourcecode.swift; path = CategoriesDetailsTableViewCell.swift; sourceTree = "<group>"; };
		1865B9C02677AF1800D3D9B4 /* RecoverPasswordViewController.swift */ = {isa = PBXFileReference; lastKnownFileType = sourcecode.swift; path = RecoverPasswordViewController.swift; sourceTree = "<group>"; };
		1865E9E6267A454300171E33 /* emptycart.json */ = {isa = PBXFileReference; fileEncoding = 4; lastKnownFileType = text.json; path = emptycart.json; sourceTree = "<group>"; };
		1865E9E8267A47BB00171E33 /* forgotpassword.json */ = {isa = PBXFileReference; fileEncoding = 4; lastKnownFileType = text.json; path = forgotpassword.json; sourceTree = "<group>"; };
		186FF08D267907E200DF43FD /* mywallet.json */ = {isa = PBXFileReference; fileEncoding = 4; lastKnownFileType = text.json; path = mywallet.json; sourceTree = "<group>"; };
		18753C882679F4D0009C1FB8 /* AddAddressViewController.swift */ = {isa = PBXFileReference; lastKnownFileType = sourcecode.swift; path = AddAddressViewController.swift; sourceTree = "<group>"; };
		18753C8B2679FA5D009C1FB8 /* MyAddressesTableViewCell.swift */ = {isa = PBXFileReference; lastKnownFileType = sourcecode.swift; path = MyAddressesTableViewCell.swift; sourceTree = "<group>"; };
		188E802E267B391B0076BE13 /* EverydayOfferCollectionViewCell.swift */ = {isa = PBXFileReference; lastKnownFileType = sourcecode.swift; path = EverydayOfferCollectionViewCell.swift; sourceTree = "<group>"; };
		188E8030267B392C0076BE13 /* PaymentOfferCollectionViewCell.swift */ = {isa = PBXFileReference; lastKnownFileType = sourcecode.swift; path = PaymentOfferCollectionViewCell.swift; sourceTree = "<group>"; };
		18C9E23E2678CB30009437DD /* MyAddressesViewController.swift */ = {isa = PBXFileReference; lastKnownFileType = sourcecode.swift; path = MyAddressesViewController.swift; sourceTree = "<group>"; };
		18C9E2402678CB6E009437DD /* MyFavouritesViewController.swift */ = {isa = PBXFileReference; lastKnownFileType = sourcecode.swift; path = MyFavouritesViewController.swift; sourceTree = "<group>"; };
		18C9E2422678CBA7009437DD /* ChangePasswordViewController.swift */ = {isa = PBXFileReference; lastKnownFileType = sourcecode.swift; path = ChangePasswordViewController.swift; sourceTree = "<group>"; };
		18C9E2442678CC79009437DD /* NeedHelpViewController.swift */ = {isa = PBXFileReference; lastKnownFileType = sourcecode.swift; path = NeedHelpViewController.swift; sourceTree = "<group>"; };
		18C9E2462678CC88009437DD /* TermsOfServicesViewController.swift */ = {isa = PBXFileReference; lastKnownFileType = sourcecode.swift; path = TermsOfServicesViewController.swift; sourceTree = "<group>"; };
		18C9E2482678CC97009437DD /* PrivacyPolicyViewController.swift */ = {isa = PBXFileReference; lastKnownFileType = sourcecode.swift; path = PrivacyPolicyViewController.swift; sourceTree = "<group>"; };
		18E5DA0C2683150C007F1982 /* ordernow.json */ = {isa = PBXFileReference; fileEncoding = 4; lastKnownFileType = text.json; path = ordernow.json; sourceTree = "<group>"; };
		18E5DA0E2683213C007F1982 /* NeedHelpTableViewCell.swift */ = {isa = PBXFileReference; lastKnownFileType = sourcecode.swift; path = NeedHelpTableViewCell.swift; sourceTree = "<group>"; };
		18E5DA1026832661007F1982 /* NeedHelpModel.swift */ = {isa = PBXFileReference; lastKnownFileType = sourcecode.swift; path = NeedHelpModel.swift; sourceTree = "<group>"; };
		79D1B0091C97AB4EFE1CD85C /* Pods-HungerGames.debug.xcconfig */ = {isa = PBXFileReference; includeInIndex = 1; lastKnownFileType = text.xcconfig; name = "Pods-HungerGames.debug.xcconfig"; path = "Target Support Files/Pods-HungerGames/Pods-HungerGames.debug.xcconfig"; sourceTree = "<group>"; };
		87B29A6A10BA4CDDF161AD59 /* Pods-HungerGames.release.xcconfig */ = {isa = PBXFileReference; includeInIndex = 1; lastKnownFileType = text.xcconfig; name = "Pods-HungerGames.release.xcconfig"; path = "Target Support Files/Pods-HungerGames/Pods-HungerGames.release.xcconfig"; sourceTree = "<group>"; };
		AF5168EBEC110F9871F3C314 /* Pods_HungerGames.framework */ = {isa = PBXFileReference; explicitFileType = wrapper.framework; includeInIndex = 0; path = Pods_HungerGames.framework; sourceTree = BUILT_PRODUCTS_DIR; };
/* End PBXFileReference section */

/* Begin PBXFrameworksBuildPhase section */
		180563F226774A0D001F86B6 /* Frameworks */ = {
			isa = PBXFrameworksBuildPhase;
			buildActionMask = 2147483647;
			files = (
				B8219DFD9A05F2AF0EEC4E97 /* Pods_HungerGames.framework in Frameworks */,
			);
			runOnlyForDeploymentPostprocessing = 0;
		};
/* End PBXFrameworksBuildPhase section */

/* Begin PBXGroup section */
		180563EC26774A0D001F86B6 = {
			isa = PBXGroup;
			children = (
				180563F726774A0D001F86B6 /* HungerGames */,
				180563F626774A0D001F86B6 /* Products */,
				82784EE073F45F45BE07BA08 /* Pods */,
				8571451307237BCBE7315C40 /* Frameworks */,
			);
			sourceTree = "<group>";
		};
		180563F626774A0D001F86B6 /* Products */ = {
			isa = PBXGroup;
			children = (
				180563F526774A0D001F86B6 /* HungerGames.app */,
			);
			name = Products;
			sourceTree = "<group>";
		};
		180563F726774A0D001F86B6 /* HungerGames */ = {
			isa = PBXGroup;
			children = (
				1805640F26774A2F001F86B6 /* Resources */,
				1805640D26774A24001F86B6 /* Models */,
				1805640C26774A1F001F86B6 /* Views */,
				1805640E26774A28001F86B6 /* Controllers */,
				1805640626774A12001F86B6 /* Info.plist */,
			);
			path = HungerGames;
			sourceTree = "<group>";
		};
		1805640C26774A1F001F86B6 /* Views */ = {
			isa = PBXGroup;
			children = (
				18753C8D2679FAA0009C1FB8 /* Storyboards */,
				18753C8A2679FA38009C1FB8 /* Cells */,
			);
			path = Views;
			sourceTree = "<group>";
		};
		1805640D26774A24001F86B6 /* Models */ = {
			isa = PBXGroup;
			children = (
				18E5DA1026832661007F1982 /* NeedHelpModel.swift */,
			);
			path = Models;
			sourceTree = "<group>";
		};
		1805640E26774A28001F86B6 /* Controllers */ = {
			isa = PBXGroup;
			children = (
				1805641026774A5C001F86B6 /* OnBoarding */,
				1805641726774AAE001F86B6 /* Main */,
				18C9E23D2678CB06009437DD /* Profile Controllers */,
				1805641A26774B11001F86B6 /* Other */,
			);
			path = Controllers;
			sourceTree = "<group>";
		};
		1805640F26774A2F001F86B6 /* Resources */ = {
			isa = PBXGroup;
			children = (
				182F79472677920300B606B9 /* Lottie Files */,
				180563F826774A0D001F86B6 /* AppDelegate.swift */,
				180563FA26774A0D001F86B6 /* SceneDelegate.swift */,
				1805640126774A12001F86B6 /* Assets.xcassets */,
			);
			path = Resources;
			sourceTree = "<group>";
		};
		1805641026774A5C001F86B6 /* OnBoarding */ = {
			isa = PBXGroup;
			children = (
				182F794A2677936800B606B9 /* WelcomeViewController.swift */,
				1805641126774A6F001F86B6 /* LoginViewController.swift */,
				1805641326774A7A001F86B6 /* RegisterViewController.swift */,
			);
			path = OnBoarding;
			sourceTree = "<group>";
		};
		1805641726774AAE001F86B6 /* Main */ = {
			isa = PBXGroup;
			children = (
				180563FC26774A0D001F86B6 /* HomeViewController.swift */,
				1805641526774AA7001F86B6 /* SearchViewController.swift */,
				1805642326774BDB001F86B6 /* MenuViewController.swift */,
				1805641B26774B34001F86B6 /* DealsOffersViewController.swift */,
				1805641826774AEA001F86B6 /* ProfileViewController.swift */,
			);
			path = Main;
			sourceTree = "<group>";
		};
		1805641A26774B11001F86B6 /* Other */ = {
			isa = PBXGroup;
			children = (
				1865B9C02677AF1800D3D9B4 /* RecoverPasswordViewController.swift */,
				18753C882679F4D0009C1FB8 /* AddAddressViewController.swift */,
				1864A54D26807F37005A67D5 /* CategoriesDetailsViewController.swift */,
				183C6BDB267F5A3800D2442A /* FoodDetailsViewController.swift */,
				1864A54F26807F59005A67D5 /* RecommendedDetailsViewController.swift */,
			);
			path = Other;
			sourceTree = "<group>";
		};
		182F79472677920300B606B9 /* Lottie Files */ = {
			isa = PBXGroup;
			children = (
				182F79482677921700B606B9 /* foodmain.json */,
				186FF08D267907E200DF43FD /* mywallet.json */,
				1865E9E6267A454300171E33 /* emptycart.json */,
				1865E9E8267A47BB00171E33 /* forgotpassword.json */,
				18E5DA0C2683150C007F1982 /* ordernow.json */,
			);
			path = "Lottie Files";
			sourceTree = "<group>";
		};
		1846A784267E05070000DA9C /* Home Page */ = {
			isa = PBXGroup;
			children = (
				1846A782267E029D0000DA9C /* FoodCategoriesCollectionViewCell.swift */,
				1846A785267E05210000DA9C /* TopFoodCollectionViewCell.swift */,
				1846A787267E05330000DA9C /* RecommendedCollectionViewCell.swift */,
			);
			path = "Home Page";
			sourceTree = "<group>";
		};
		1846A789267E05410000DA9C /* Deals & Offers Page */ = {
			isa = PBXGroup;
			children = (
				188E802E267B391B0076BE13 /* EverydayOfferCollectionViewCell.swift */,
				188E8030267B392C0076BE13 /* PaymentOfferCollectionViewCell.swift */,
			);
			path = "Deals & Offers Page";
			sourceTree = "<group>";
		};
		18753C8A2679FA38009C1FB8 /* Cells */ = {
			isa = PBXGroup;
			children = (
				188E802D267B38E10076BE13 /* CollectionView Cell */,
				188E802C267B38D50076BE13 /* TableView Cell */,
			);
			path = Cells;
			sourceTree = "<group>";
		};
		18753C8D2679FAA0009C1FB8 /* Storyboards */ = {
			isa = PBXGroup;
			children = (
				180563FE26774A0D001F86B6 /* Main.storyboard */,
				1805640326774A12001F86B6 /* LaunchScreen.storyboard */,
			);
			path = Storyboards;
			sourceTree = "<group>";
		};
		188E802C267B38D50076BE13 /* TableView Cell */ = {
			isa = PBXGroup;
			children = (
				18753C8B2679FA5D009C1FB8 /* MyAddressesTableViewCell.swift */,
				1864A55126808378005A67D5 /* CategoriesDetailsTableViewCell.swift */,
				18E5DA0E2683213C007F1982 /* NeedHelpTableViewCell.swift */,
			);
			path = "TableView Cell";
			sourceTree = "<group>";
		};
		188E802D267B38E10076BE13 /* CollectionView Cell */ = {
			isa = PBXGroup;
			children = (
				1846A789267E05410000DA9C /* Deals & Offers Page */,
				1846A784267E05070000DA9C /* Home Page */,
			);
			path = "CollectionView Cell";
			sourceTree = "<group>";
		};
		18C9E23D2678CB06009437DD /* Profile Controllers */ = {
			isa = PBXGroup;
			children = (
				18C9E23E2678CB30009437DD /* MyAddressesViewController.swift */,
				1805641D26774B4C001F86B6 /* OrderHistoryViewController.swift */,
				1805642126774BBF001F86B6 /* CartViewController.swift */,
				18C9E2402678CB6E009437DD /* MyFavouritesViewController.swift */,
				18056425267756FE001F86B6 /* NotificationCenterViewController.swift */,
				1805641F26774B81001F86B6 /* HungerGamesWalletViewController.swift */,
				18C9E2422678CBA7009437DD /* ChangePasswordViewController.swift */,
				18C9E2442678CC79009437DD /* NeedHelpViewController.swift */,
				18C9E2462678CC88009437DD /* TermsOfServicesViewController.swift */,
				18C9E2482678CC97009437DD /* PrivacyPolicyViewController.swift */,
			);
			path = "Profile Controllers";
			sourceTree = "<group>";
		};
		82784EE073F45F45BE07BA08 /* Pods */ = {
			isa = PBXGroup;
			children = (
				79D1B0091C97AB4EFE1CD85C /* Pods-HungerGames.debug.xcconfig */,
				87B29A6A10BA4CDDF161AD59 /* Pods-HungerGames.release.xcconfig */,
			);
			path = Pods;
			sourceTree = "<group>";
		};
		8571451307237BCBE7315C40 /* Frameworks */ = {
			isa = PBXGroup;
			children = (
				AF5168EBEC110F9871F3C314 /* Pods_HungerGames.framework */,
			);
			name = Frameworks;
			sourceTree = "<group>";
		};
/* End PBXGroup section */

/* Begin PBXNativeTarget section */
		180563F426774A0D001F86B6 /* HungerGames */ = {
			isa = PBXNativeTarget;
			buildConfigurationList = 1805640926774A12001F86B6 /* Build configuration list for PBXNativeTarget "HungerGames" */;
			buildPhases = (
				606D6CCB5A42FF5AD7F4BBE9 /* [CP] Check Pods Manifest.lock */,
				180563F126774A0D001F86B6 /* Sources */,
				180563F226774A0D001F86B6 /* Frameworks */,
				180563F326774A0D001F86B6 /* Resources */,
				5817E368FB2AFDEDE06A062D /* [CP] Embed Pods Frameworks */,
			);
			buildRules = (
			);
			dependencies = (
			);
			name = HungerGames;
			productName = HungerGames;
			productReference = 180563F526774A0D001F86B6 /* HungerGames.app */;
			productType = "com.apple.product-type.application";
		};
/* End PBXNativeTarget section */

/* Begin PBXProject section */
		180563ED26774A0D001F86B6 /* Project object */ = {
			isa = PBXProject;
			attributes = {
				LastSwiftUpdateCheck = 1250;
				LastUpgradeCheck = 1250;
				TargetAttributes = {
					180563F426774A0D001F86B6 = {
						CreatedOnToolsVersion = 12.5;
					};
				};
			};
			buildConfigurationList = 180563F026774A0D001F86B6 /* Build configuration list for PBXProject "HungerGames" */;
			compatibilityVersion = "Xcode 10.0";
			developmentRegion = en;
			hasScannedForEncodings = 0;
			knownRegions = (
				en,
				Base,
			);
			mainGroup = 180563EC26774A0D001F86B6;
			productRefGroup = 180563F626774A0D001F86B6 /* Products */;
			projectDirPath = "";
			projectRoot = "";
			targets = (
				180563F426774A0D001F86B6 /* HungerGames */,
			);
		};
/* End PBXProject section */

/* Begin PBXResourcesBuildPhase section */
		180563F326774A0D001F86B6 /* Resources */ = {
			isa = PBXResourcesBuildPhase;
			buildActionMask = 2147483647;
			files = (
				1805640526774A12001F86B6 /* LaunchScreen.storyboard in Resources */,
				1865E9E7267A454300171E33 /* emptycart.json in Resources */,
				1865E9E9267A47BB00171E33 /* forgotpassword.json in Resources */,
				1805640226774A12001F86B6 /* Assets.xcassets in Resources */,
				182F79492677921700B606B9 /* foodmain.json in Resources */,
				18E5DA0D2683150C007F1982 /* ordernow.json in Resources */,
				186FF08E267907E200DF43FD /* mywallet.json in Resources */,
				1805640026774A0D001F86B6 /* Main.storyboard in Resources */,
			);
			runOnlyForDeploymentPostprocessing = 0;
		};
/* End PBXResourcesBuildPhase section */

/* Begin PBXShellScriptBuildPhase section */
		5817E368FB2AFDEDE06A062D /* [CP] Embed Pods Frameworks */ = {
			isa = PBXShellScriptBuildPhase;
			buildActionMask = 2147483647;
			files = (
			);
			inputFileListPaths = (
				"${PODS_ROOT}/Target Support Files/Pods-HungerGames/Pods-HungerGames-frameworks-${CONFIGURATION}-input-files.xcfilelist",
			);
			name = "[CP] Embed Pods Frameworks";
			outputFileListPaths = (
				"${PODS_ROOT}/Target Support Files/Pods-HungerGames/Pods-HungerGames-frameworks-${CONFIGURATION}-output-files.xcfilelist",
			);
			runOnlyForDeploymentPostprocessing = 0;
			shellPath = /bin/sh;
			shellScript = "\"${PODS_ROOT}/Target Support Files/Pods-HungerGames/Pods-HungerGames-frameworks.sh\"\n";
			showEnvVarsInLog = 0;
		};
		606D6CCB5A42FF5AD7F4BBE9 /* [CP] Check Pods Manifest.lock */ = {
			isa = PBXShellScriptBuildPhase;
			buildActionMask = 2147483647;
			files = (
			);
			inputFileListPaths = (
			);
			inputPaths = (
				"${PODS_PODFILE_DIR_PATH}/Podfile.lock",
				"${PODS_ROOT}/Manifest.lock",
			);
			name = "[CP] Check Pods Manifest.lock";
			outputFileListPaths = (
			);
			outputPaths = (
				"$(DERIVED_FILE_DIR)/Pods-HungerGames-checkManifestLockResult.txt",
			);
			runOnlyForDeploymentPostprocessing = 0;
			shellPath = /bin/sh;
			shellScript = "diff \"${PODS_PODFILE_DIR_PATH}/Podfile.lock\" \"${PODS_ROOT}/Manifest.lock\" > /dev/null\nif [ $? != 0 ] ; then\n    # print error to STDERR\n    echo \"error: The sandbox is not in sync with the Podfile.lock. Run 'pod install' or update your CocoaPods installation.\" >&2\n    exit 1\nfi\n# This output is used by Xcode 'outputs' to avoid re-running this script phase.\necho \"SUCCESS\" > \"${SCRIPT_OUTPUT_FILE_0}\"\n";
			showEnvVarsInLog = 0;
		};
/* End PBXShellScriptBuildPhase section */

/* Begin PBXSourcesBuildPhase section */
		180563F126774A0D001F86B6 /* Sources */ = {
			isa = PBXSourcesBuildPhase;
			buildActionMask = 2147483647;
			files = (
				18C9E2412678CB6E009437DD /* MyFavouritesViewController.swift in Sources */,
				1805641626774AA7001F86B6 /* SearchViewController.swift in Sources */,
				1805641226774A6F001F86B6 /* LoginViewController.swift in Sources */,
				18C9E2432678CBA7009437DD /* ChangePasswordViewController.swift in Sources */,
				18056426267756FE001F86B6 /* NotificationCenterViewController.swift in Sources */,
				1865B9C12677AF1800D3D9B4 /* RecoverPasswordViewController.swift in Sources */,
				1805641926774AEA001F86B6 /* ProfileViewController.swift in Sources */,
				1805641E26774B4C001F86B6 /* OrderHistoryViewController.swift in Sources */,
				1805641426774A7A001F86B6 /* RegisterViewController.swift in Sources */,
				1864A54E26807F37005A67D5 /* CategoriesDetailsViewController.swift in Sources */,
				1805641C26774B34001F86B6 /* DealsOffersViewController.swift in Sources */,
				18E5DA0F2683213C007F1982 /* NeedHelpTableViewCell.swift in Sources */,
				1846A783267E029D0000DA9C /* FoodCategoriesCollectionViewCell.swift in Sources */,
				180563FD26774A0D001F86B6 /* HomeViewController.swift in Sources */,
				18753C892679F4D0009C1FB8 /* AddAddressViewController.swift in Sources */,
				1864A55226808378005A67D5 /* CategoriesDetailsTableViewCell.swift in Sources */,
				1805642426774BDB001F86B6 /* MenuViewController.swift in Sources */,
				1805642226774BBF001F86B6 /* CartViewController.swift in Sources */,
				18E5DA1126832661007F1982 /* NeedHelpModel.swift in Sources */,
				180563F926774A0D001F86B6 /* AppDelegate.swift in Sources */,
				1846A788267E05330000DA9C /* RecommendedCollectionViewCell.swift in Sources */,
				1805642026774B81001F86B6 /* HungerGamesWalletViewController.swift in Sources */,
				18C9E2492678CC97009437DD /* PrivacyPolicyViewController.swift in Sources */,
				1864A55026807F59005A67D5 /* RecommendedDetailsViewController.swift in Sources */,
				18C9E23F2678CB30009437DD /* MyAddressesViewController.swift in Sources */,
				1846A786267E05210000DA9C /* TopFoodCollectionViewCell.swift in Sources */,
				188E802F267B391B0076BE13 /* EverydayOfferCollectionViewCell.swift in Sources */,
				180563FB26774A0D001F86B6 /* SceneDelegate.swift in Sources */,
				183C6BDC267F5A3800D2442A /* FoodDetailsViewController.swift in Sources */,
				18C9E2472678CC88009437DD /* TermsOfServicesViewController.swift in Sources */,
				188E8031267B392C0076BE13 /* PaymentOfferCollectionViewCell.swift in Sources */,
				18753C8C2679FA5D009C1FB8 /* MyAddressesTableViewCell.swift in Sources */,
				182F794B2677936800B606B9 /* WelcomeViewController.swift in Sources */,
				18C9E2452678CC79009437DD /* NeedHelpViewController.swift in Sources */,
			);
			runOnlyForDeploymentPostprocessing = 0;
		};
/* End PBXSourcesBuildPhase section */

/* Begin PBXVariantGroup section */
		180563FE26774A0D001F86B6 /* Main.storyboard */ = {
			isa = PBXVariantGroup;
			children = (
				180563FF26774A0D001F86B6 /* Base */,
			);
			name = Main.storyboard;
			sourceTree = "<group>";
		};
		1805640326774A12001F86B6 /* LaunchScreen.storyboard */ = {
			isa = PBXVariantGroup;
			children = (
				1805640426774A12001F86B6 /* Base */,
			);
			name = LaunchScreen.storyboard;
			sourceTree = "<group>";
		};
/* End PBXVariantGroup section */

/* Begin XCBuildConfiguration section */
		1805640726774A12001F86B6 /* Debug */ = {
			isa = XCBuildConfiguration;
			buildSettings = {
				ALWAYS_SEARCH_USER_PATHS = NO;
				CLANG_ANALYZER_NONNULL = YES;
				CLANG_ANALYZER_NUMBER_OBJECT_CONVERSION = YES_AGGRESSIVE;
				CLANG_CXX_LANGUAGE_STANDARD = "gnu++14";
				CLANG_CXX_LIBRARY = "libc++";
				CLANG_ENABLE_MODULES = YES;
				CLANG_ENABLE_OBJC_ARC = YES;
				CLANG_ENABLE_OBJC_WEAK = YES;
				CLANG_WARN_BLOCK_CAPTURE_AUTORELEASING = YES;
				CLANG_WARN_BOOL_CONVERSION = YES;
				CLANG_WARN_COMMA = YES;
				CLANG_WARN_CONSTANT_CONVERSION = YES;
				CLANG_WARN_DEPRECATED_OBJC_IMPLEMENTATIONS = YES;
				CLANG_WARN_DIRECT_OBJC_ISA_USAGE = YES_ERROR;
				CLANG_WARN_DOCUMENTATION_COMMENTS = YES;
				CLANG_WARN_EMPTY_BODY = YES;
				CLANG_WARN_ENUM_CONVERSION = YES;
				CLANG_WARN_INFINITE_RECURSION = YES;
				CLANG_WARN_INT_CONVERSION = YES;
				CLANG_WARN_NON_LITERAL_NULL_CONVERSION = YES;
				CLANG_WARN_OBJC_IMPLICIT_RETAIN_SELF = YES;
				CLANG_WARN_OBJC_LITERAL_CONVERSION = YES;
				CLANG_WARN_OBJC_ROOT_CLASS = YES_ERROR;
				CLANG_WARN_QUOTED_INCLUDE_IN_FRAMEWORK_HEADER = YES;
				CLANG_WARN_RANGE_LOOP_ANALYSIS = YES;
				CLANG_WARN_STRICT_PROTOTYPES = YES;
				CLANG_WARN_SUSPICIOUS_MOVE = YES;
				CLANG_WARN_UNGUARDED_AVAILABILITY = YES_AGGRESSIVE;
				CLANG_WARN_UNREACHABLE_CODE = YES;
				CLANG_WARN__DUPLICATE_METHOD_MATCH = YES;
				COPY_PHASE_STRIP = NO;
				DEBUG_INFORMATION_FORMAT = dwarf;
				ENABLE_STRICT_OBJC_MSGSEND = YES;
				ENABLE_TESTABILITY = YES;
				GCC_C_LANGUAGE_STANDARD = gnu11;
				GCC_DYNAMIC_NO_PIC = NO;
				GCC_NO_COMMON_BLOCKS = YES;
				GCC_OPTIMIZATION_LEVEL = 0;
				GCC_PREPROCESSOR_DEFINITIONS = (
					"DEBUG=1",
					"$(inherited)",
				);
				GCC_WARN_64_TO_32_BIT_CONVERSION = YES;
				GCC_WARN_ABOUT_RETURN_TYPE = YES_ERROR;
				GCC_WARN_UNDECLARED_SELECTOR = YES;
				GCC_WARN_UNINITIALIZED_AUTOS = YES_AGGRESSIVE;
				GCC_WARN_UNUSED_FUNCTION = YES;
				GCC_WARN_UNUSED_VARIABLE = YES;
				IPHONEOS_DEPLOYMENT_TARGET = 14.5;
				MTL_ENABLE_DEBUG_INFO = INCLUDE_SOURCE;
				MTL_FAST_MATH = YES;
				ONLY_ACTIVE_ARCH = YES;
				SDKROOT = iphoneos;
				SWIFT_ACTIVE_COMPILATION_CONDITIONS = DEBUG;
				SWIFT_OPTIMIZATION_LEVEL = "-Onone";
			};
			name = Debug;
		};
		1805640826774A12001F86B6 /* Release */ = {
			isa = XCBuildConfiguration;
			buildSettings = {
				ALWAYS_SEARCH_USER_PATHS = NO;
				CLANG_ANALYZER_NONNULL = YES;
				CLANG_ANALYZER_NUMBER_OBJECT_CONVERSION = YES_AGGRESSIVE;
				CLANG_CXX_LANGUAGE_STANDARD = "gnu++14";
				CLANG_CXX_LIBRARY = "libc++";
				CLANG_ENABLE_MODULES = YES;
				CLANG_ENABLE_OBJC_ARC = YES;
				CLANG_ENABLE_OBJC_WEAK = YES;
				CLANG_WARN_BLOCK_CAPTURE_AUTORELEASING = YES;
				CLANG_WARN_BOOL_CONVERSION = YES;
				CLANG_WARN_COMMA = YES;
				CLANG_WARN_CONSTANT_CONVERSION = YES;
				CLANG_WARN_DEPRECATED_OBJC_IMPLEMENTATIONS = YES;
				CLANG_WARN_DIRECT_OBJC_ISA_USAGE = YES_ERROR;
				CLANG_WARN_DOCUMENTATION_COMMENTS = YES;
				CLANG_WARN_EMPTY_BODY = YES;
				CLANG_WARN_ENUM_CONVERSION = YES;
				CLANG_WARN_INFINITE_RECURSION = YES;
				CLANG_WARN_INT_CONVERSION = YES;
				CLANG_WARN_NON_LITERAL_NULL_CONVERSION = YES;
				CLANG_WARN_OBJC_IMPLICIT_RETAIN_SELF = YES;
				CLANG_WARN_OBJC_LITERAL_CONVERSION = YES;
				CLANG_WARN_OBJC_ROOT_CLASS = YES_ERROR;
				CLANG_WARN_QUOTED_INCLUDE_IN_FRAMEWORK_HEADER = YES;
				CLANG_WARN_RANGE_LOOP_ANALYSIS = YES;
				CLANG_WARN_STRICT_PROTOTYPES = YES;
				CLANG_WARN_SUSPICIOUS_MOVE = YES;
				CLANG_WARN_UNGUARDED_AVAILABILITY = YES_AGGRESSIVE;
				CLANG_WARN_UNREACHABLE_CODE = YES;
				CLANG_WARN__DUPLICATE_METHOD_MATCH = YES;
				COPY_PHASE_STRIP = NO;
				DEBUG_INFORMATION_FORMAT = "dwarf-with-dsym";
				ENABLE_NS_ASSERTIONS = NO;
				ENABLE_STRICT_OBJC_MSGSEND = YES;
				GCC_C_LANGUAGE_STANDARD = gnu11;
				GCC_NO_COMMON_BLOCKS = YES;
				GCC_WARN_64_TO_32_BIT_CONVERSION = YES;
				GCC_WARN_ABOUT_RETURN_TYPE = YES_ERROR;
				GCC_WARN_UNDECLARED_SELECTOR = YES;
				GCC_WARN_UNINITIALIZED_AUTOS = YES_AGGRESSIVE;
				GCC_WARN_UNUSED_FUNCTION = YES;
				GCC_WARN_UNUSED_VARIABLE = YES;
				IPHONEOS_DEPLOYMENT_TARGET = 14.5;
				MTL_ENABLE_DEBUG_INFO = NO;
				MTL_FAST_MATH = YES;
				SDKROOT = iphoneos;
				SWIFT_COMPILATION_MODE = wholemodule;
				SWIFT_OPTIMIZATION_LEVEL = "-O";
				VALIDATE_PRODUCT = YES;
			};
			name = Release;
		};
		1805640A26774A12001F86B6 /* Debug */ = {
			isa = XCBuildConfiguration;
			baseConfigurationReference = 79D1B0091C97AB4EFE1CD85C /* Pods-HungerGames.debug.xcconfig */;
			buildSettings = {
				ASSETCATALOG_COMPILER_APPICON_NAME = AppIcon;
				ASSETCATALOG_COMPILER_GLOBAL_ACCENT_COLOR_NAME = AccentColor;
				CODE_SIGN_STYLE = Automatic;
				INFOPLIST_FILE = HungerGames/Info.plist;
				IPHONEOS_DEPLOYMENT_TARGET = 14.5;
				LD_RUNPATH_SEARCH_PATHS = (
					"$(inherited)",
					"@executable_path/Frameworks",
				);
				PRODUCT_BUNDLE_IDENTIFIER = com.Tech030893.HungerGames;
				PRODUCT_NAME = "$(TARGET_NAME)";
				SWIFT_VERSION = 5.0;
				TARGETED_DEVICE_FAMILY = "1,2";
			};
			name = Debug;
		};
		1805640B26774A12001F86B6 /* Release */ = {
			isa = XCBuildConfiguration;
			baseConfigurationReference = 87B29A6A10BA4CDDF161AD59 /* Pods-HungerGames.release.xcconfig */;
			buildSettings = {
				ASSETCATALOG_COMPILER_APPICON_NAME = AppIcon;
				ASSETCATALOG_COMPILER_GLOBAL_ACCENT_COLOR_NAME = AccentColor;
				CODE_SIGN_STYLE = Automatic;
				INFOPLIST_FILE = HungerGames/Info.plist;
				IPHONEOS_DEPLOYMENT_TARGET = 14.5;
				LD_RUNPATH_SEARCH_PATHS = (
					"$(inherited)",
					"@executable_path/Frameworks",
				);
				PRODUCT_BUNDLE_IDENTIFIER = com.Tech030893.HungerGames;
				PRODUCT_NAME = "$(TARGET_NAME)";
				SWIFT_VERSION = 5.0;
				TARGETED_DEVICE_FAMILY = "1,2";
			};
			name = Release;
		};
/* End XCBuildConfiguration section */

/* Begin XCConfigurationList section */
		180563F026774A0D001F86B6 /* Build configuration list for PBXProject "HungerGames" */ = {
			isa = XCConfigurationList;
			buildConfigurations = (
				1805640726774A12001F86B6 /* Debug */,
				1805640826774A12001F86B6 /* Release */,
			);
			defaultConfigurationIsVisible = 0;
			defaultConfigurationName = Release;
		};
		1805640926774A12001F86B6 /* Build configuration list for PBXNativeTarget "HungerGames" */ = {
			isa = XCConfigurationList;
			buildConfigurations = (
				1805640A26774A12001F86B6 /* Debug */,
				1805640B26774A12001F86B6 /* Release */,
			);
			defaultConfigurationIsVisible = 0;
			defaultConfigurationName = Release;
		};
/* End XCConfigurationList section */
	};
	rootObject = 180563ED26774A0D001F86B6 /* Project object */;
}
